
Microsoft Visual Studio Solution File, Format Version 12.00
# Visual Studio Version 17
VisualStudioVersion = 17.8.34316.72
MinimumVisualStudioVersion = 10.0.40219.1
Project("{FAE04EC0-301F-11D3-BF4B-00C04F79EFBC}") = "GeradorDeDados", "GeradorDeDados.csproj", "{42111620-95D5-445D-92ED-EA9061E7C848}"
EndProject
Global
	GlobalSection(SolutionConfigurationPlatforms) = preSolution
		Debug|Any CPU = Debug|Any CPU
		Release|Any CPU = Release|Any CPU
	EndGlobalSection
	GlobalSection(ProjectConfigurationPlatforms) = postSolution
		{42111620-95D5-445D-92ED-EA9061E7C848}.Debug|Any CPU.ActiveCfg = Debug|Any CPU
		{42111620-95D5-445D-92ED-EA9061E7C848}.Debug|Any CPU.Build.0 = Debug|Any CPU
		{42111620-95D5-445D-92ED-EA9061E7C848}.Release|Any CPU.ActiveCfg = Release|Any CPU
		{42111620-95D5-445D-92ED-EA9061E7C848}.Release|Any CPU.Build.0 = Release|Any CPU
	EndGlobalSection
	GlobalSection(SolutionProperties) = preSolution
		HideSolutionNode = FALSE
	EndGlobalSection
	GlobalSection(ExtensibilityGlobals) = postSolution
		SolutionGuid = {AF50BF07-B648-4782-9B44-7C28F5B11F87}
	EndGlobalSection
EndGlobal
